
Microsoft Visual Studio Solution File, Format Version 12.00
# Visual Studio Version 17
VisualStudioVersion = 17.6.33815.320
MinimumVisualStudioVersion = 10.0.40219.1
Project("{FAE04EC0-301F-11D3-BF4B-00C04F79EFBC}") = "linked-list-kth", "linked-list-kth.csproj", "{D3F64717-F0C7-4319-9282-5DFB496CDAA4}"
EndProject
Project("{FAE04EC0-301F-11D3-BF4B-00C04F79EFBC}") = "TestProject7", "..\TestProject7\TestProject7.csproj", "{E3196706-6EE4-4E1D-9521-F3B67090C937}"
EndProject
Global
	GlobalSection(SolutionConfigurationPlatforms) = preSolution
		Debug|Any CPU = Debug|Any CPU
		Release|Any CPU = Release|Any CPU
	EndGlobalSection
	GlobalSection(ProjectConfigurationPlatforms) = postSolution
		{D3F64717-F0C7-4319-9282-5DFB496CDAA4}.Debug|Any CPU.ActiveCfg = Debug|Any CPU
		{D3F64717-F0C7-4319-9282-5DFB496CDAA4}.Debug|Any CPU.Build.0 = Debug|Any CPU
		{D3F64717-F0C7-4319-9282-5DFB496CDAA4}.Release|Any CPU.ActiveCfg = Release|Any CPU
		{D3F64717-F0C7-4319-9282-5DFB496CDAA4}.Release|Any CPU.Build.0 = Release|Any CPU
		{E3196706-6EE4-4E1D-9521-F3B67090C937}.Debug|Any CPU.ActiveCfg = Debug|Any CPU
		{E3196706-6EE4-4E1D-9521-F3B67090C937}.Debug|Any CPU.Build.0 = Debug|Any CPU
		{E3196706-6EE4-4E1D-9521-F3B67090C937}.Release|Any CPU.ActiveCfg = Release|Any CPU
		{E3196706-6EE4-4E1D-9521-F3B67090C937}.Release|Any CPU.Build.0 = Release|Any CPU
	EndGlobalSection
	GlobalSection(SolutionProperties) = preSolution
		HideSolutionNode = FALSE
	EndGlobalSection
	GlobalSection(ExtensibilityGlobals) = postSolution
		SolutionGuid = {B47F2031-CFE3-45A8-9049-2C4A7B722652}
	EndGlobalSection
EndGlobal
